
Microsoft Visual Studio Solution File, Format Version 12.00
# Visual Studio Version 16
VisualStudioVersion = 25.0.1706.7
MinimumVisualStudioVersion = 10.0.40219.1
Project("{FAE04EC0-301F-11D3-BF4B-00C04F79EFBC}") = "SkillSwapMainService", "SkillSwapMainService\SkillSwapMainService.csproj", "{9ED67C05-43BF-4347-95D2-BFA6732DAEB8}"
EndProject
Global
	GlobalSection(SolutionConfigurationPlatforms) = preSolution
		Debug|Any CPU = Debug|Any CPU
		Release|Any CPU = Release|Any CPU
	EndGlobalSection
	GlobalSection(ProjectConfigurationPlatforms) = postSolution
		{9ED67C05-43BF-4347-95D2-BFA6732DAEB8}.Debug|Any CPU.ActiveCfg = Debug|Any CPU
		{9ED67C05-43BF-4347-95D2-BFA6732DAEB8}.Debug|Any CPU.Build.0 = Debug|Any CPU
		{9ED67C05-43BF-4347-95D2-BFA6732DAEB8}.Release|Any CPU.ActiveCfg = Release|Any CPU
		{9ED67C05-43BF-4347-95D2-BFA6732DAEB8}.Release|Any CPU.Build.0 = Release|Any CPU
	EndGlobalSection
	GlobalSection(SolutionProperties) = preSolution
		HideSolutionNode = FALSE
	EndGlobalSection
	GlobalSection(ExtensibilityGlobals) = postSolution
		SolutionGuid = {0C2E196A-D27D-4571-BC42-2C831816061E}
	EndGlobalSection
EndGlobal
